
Microsoft Visual Studio Solution File, Format Version 12.00
# Visual Studio Version 16
VisualStudioVersion = 16.0.30204.135
MinimumVisualStudioVersion = 10.0.40219.1
Project("{9A19103F-16F7-4668-BE54-9A1E7A4F7556}") = "CrudMaker", "src\CrudMaker\CrudMaker.csproj", "{961595D9-33F1-4F6F-A653-720C4351BC52}"
EndProject
Project("{2150E333-8FDC-42A3-9474-1A3956D46DE8}") = "src", "src", "{54DF7229-AFC9-4CBF-B69F-1A675B519F25}"
EndProject
Project("{2150E333-8FDC-42A3-9474-1A3956D46DE8}") = "tests", "tests", "{8A74029C-0F6C-43E2-81BF-FD55599A8D00}"
EndProject
Project("{2150E333-8FDC-42A3-9474-1A3956D46DE8}") = "example", "example", "{B190FF30-AC31-4B0B-A696-C98278514C7D}"
EndProject
Project("{2150E333-8FDC-42A3-9474-1A3956D46DE8}") = "IntegrationTests", "IntegrationTests", "{32AA3E6E-0AB3-435B-9563-A857E1B4BE13}"
EndProject
Project("{2150E333-8FDC-42A3-9474-1A3956D46DE8}") = "UnitTests", "UnitTests", "{97B5AA32-9035-47B0-AD2E-78D6ACBCCC3C}"
EndProject
Project("{9A19103F-16F7-4668-BE54-9A1E7A4F7556}") = "CrudMaker.IntegrationTests", "tests\IntegrationTests\CrudMaker.IntegrationTests\CrudMaker.IntegrationTests.csproj", "{0F111F68-1135-416F-878E-51863CB0F207}"
EndProject
Project("{9A19103F-16F7-4668-BE54-9A1E7A4F7556}") = "CrudMaker.TestHost", "example\CrudMaker.TestHost\CrudMaker.TestHost.csproj", "{6EF94653-FA42-4C53-BCFC-CCDD9EF2E52E}"
EndProject
Global
	GlobalSection(SolutionConfigurationPlatforms) = preSolution
		Debug|Any CPU = Debug|Any CPU
		Release|Any CPU = Release|Any CPU
	EndGlobalSection
	GlobalSection(ProjectConfigurationPlatforms) = postSolution
		{961595D9-33F1-4F6F-A653-720C4351BC52}.Debug|Any CPU.ActiveCfg = Debug|Any CPU
		{961595D9-33F1-4F6F-A653-720C4351BC52}.Debug|Any CPU.Build.0 = Debug|Any CPU
		{961595D9-33F1-4F6F-A653-720C4351BC52}.Release|Any CPU.ActiveCfg = Release|Any CPU
		{961595D9-33F1-4F6F-A653-720C4351BC52}.Release|Any CPU.Build.0 = Release|Any CPU
		{0F111F68-1135-416F-878E-51863CB0F207}.Debug|Any CPU.ActiveCfg = Debug|Any CPU
		{0F111F68-1135-416F-878E-51863CB0F207}.Debug|Any CPU.Build.0 = Debug|Any CPU
		{0F111F68-1135-416F-878E-51863CB0F207}.Release|Any CPU.ActiveCfg = Release|Any CPU
		{0F111F68-1135-416F-878E-51863CB0F207}.Release|Any CPU.Build.0 = Release|Any CPU
		{6EF94653-FA42-4C53-BCFC-CCDD9EF2E52E}.Debug|Any CPU.ActiveCfg = Debug|Any CPU
		{6EF94653-FA42-4C53-BCFC-CCDD9EF2E52E}.Debug|Any CPU.Build.0 = Debug|Any CPU
		{6EF94653-FA42-4C53-BCFC-CCDD9EF2E52E}.Release|Any CPU.ActiveCfg = Release|Any CPU
		{6EF94653-FA42-4C53-BCFC-CCDD9EF2E52E}.Release|Any CPU.Build.0 = Release|Any CPU
	EndGlobalSection
	GlobalSection(SolutionProperties) = preSolution
		HideSolutionNode = FALSE
	EndGlobalSection
	GlobalSection(NestedProjects) = preSolution
		{961595D9-33F1-4F6F-A653-720C4351BC52} = {54DF7229-AFC9-4CBF-B69F-1A675B519F25}
		{32AA3E6E-0AB3-435B-9563-A857E1B4BE13} = {8A74029C-0F6C-43E2-81BF-FD55599A8D00}
		{97B5AA32-9035-47B0-AD2E-78D6ACBCCC3C} = {8A74029C-0F6C-43E2-81BF-FD55599A8D00}
		{0F111F68-1135-416F-878E-51863CB0F207} = {32AA3E6E-0AB3-435B-9563-A857E1B4BE13}
		{6EF94653-FA42-4C53-BCFC-CCDD9EF2E52E} = {B190FF30-AC31-4B0B-A696-C98278514C7D}
	EndGlobalSection
	GlobalSection(ExtensibilityGlobals) = postSolution
		SolutionGuid = {E42222CB-D3C0-471D-A95B-DD2BA3494246}
	EndGlobalSection
EndGlobal
